
Microsoft Visual Studio Solution File, Format Version 12.00
# Visual Studio Version 17
VisualStudioVersion = 17.2.32602.215
MinimumVisualStudioVersion = 10.0.40219.1
Project("{9A19103F-16F7-4668-BE54-9A1E7A4F7556}") = "Agent", "Agent\Agent.csproj", "{98A8DF30-0993-4B49-822E-244A70AB8C4D}"
EndProject
Project("{2150E333-8FDC-42A3-9474-1A3956D46DE8}") = "Utilities", "Utilities", "{2CAC9A2B-1402-465F-83F8-958B4E081CA3}"
	ProjectSection(SolutionItems) = preProject
		Utilities\Add-Migration.ps1 = Utilities\Add-Migration.ps1
		Utilities\Example_Apache_Config.txt = Utilities\Example_Apache_Config.txt
		Utilities\Example_Nginx_Config.txt = Utilities\Example_Nginx_Config.txt
		Utilities\Get-PSCommands.ps1 = Utilities\Get-PSCommands.ps1
		Utilities\Get-WindowsCommands.ps1 = Utilities\Get-WindowsCommands.ps1
		Utilities\Publish.ps1 = Utilities\Publish.ps1
		Utilities\Remove-Migration.ps1 = Utilities\Remove-Migration.ps1
		Utilities\signtool.exe = Utilities\signtool.exe
	EndProjectSection
EndProject
Project("{2150E333-8FDC-42A3-9474-1A3956D46DE8}") = "Assets", "Assets", "{D96B47F6-EF3E-4AF6-A1BE-006D531DDBA4}"
	ProjectSection(SolutionItems) = preProject
		Assets\Remotely_Icon.ico = Assets\Remotely_Icon.ico
		Assets\Remotely_Icon.pdn = Assets\Remotely_Icon.pdn
		Assets\Remotely_Icon.png = Assets\Remotely_Icon.png
		Assets\Remotely_Logo.png = Assets\Remotely_Logo.png
	EndProjectSection
EndProject
Project("{9A19103F-16F7-4668-BE54-9A1E7A4F7556}") = "Shared", "Shared\Shared.csproj", "{3B1B36AE-7A60-4974-A868-1E24894D4149}"
EndProject
Project("{9A19103F-16F7-4668-BE54-9A1E7A4F7556}") = "Desktop.Linux", "Desktop.Linux\Desktop.Linux.csproj", "{FF7FD66A-B3E2-4D39-A457-A00C94EDE9E6}"
EndProject
Project("{9A19103F-16F7-4668-BE54-9A1E7A4F7556}") = "Desktop.Win", "Desktop.Win\Desktop.Win.csproj", "{6B726FC4-A907-4813-BF38-3342E02AA8D2}"
EndProject
Project("{FAE04EC0-301F-11D3-BF4B-00C04F79EFBC}") = "Agent.Installer.Win", "Agent.Installer.Win\Agent.Installer.Win.csproj", "{A3D0368C-0850-4614-B5B5-41B9D5135AA9}"
EndProject
Project("{9A19103F-16F7-4668-BE54-9A1E7A4F7556}") = "Server.Tests", "Tests\Server.Tests\Server.Tests.csproj", "{48D9D0E6-5781-44A9-84C0-56F56C2A1193}"
EndProject
Project("{9A19103F-16F7-4668-BE54-9A1E7A4F7556}") = "LoadTester", "Tests\LoadTester\LoadTester.csproj", "{6C25240C-613D-4A86-A04E-784BA6726094}"
EndProject
Project("{2150E333-8FDC-42A3-9474-1A3956D46DE8}") = "Solution Items", "Solution Items", "{2176596E-12DA-4766-96E1-4D23EA7DBEC8}"
	ProjectSection(SolutionItems) = preProject
		.editorconfig = .editorconfig
		Directory.Build.props = Directory.Build.props
		LICENSE = LICENSE
		README.md = README.md
	EndProjectSection
EndProject
Project("{9A19103F-16F7-4668-BE54-9A1E7A4F7556}") = "Server", "Server\Server.csproj", "{75EC5DCD-DC76-4799-8623-206B1F73CA95}"
EndProject
Project("{2150E333-8FDC-42A3-9474-1A3956D46DE8}") = "Tests", "Tests", "{0754E195-7080-4AAC-B5A3-A9923B1283CE}"
EndProject
Project("{9A19103F-16F7-4668-BE54-9A1E7A4F7556}") = "Shared.Tests", "Tests\Shared.Tests\Shared.Tests.csproj", "{B6C1030D-1F74-4143-BB70-FC79C0274653}"
EndProject
Project("{2150E333-8FDC-42A3-9474-1A3956D46DE8}") = "Submodules", "Submodules", "{48C738FB-359E-43DB-B338-FD7CB1CCF6A8}"
EndProject
Project("{9A19103F-16F7-4668-BE54-9A1E7A4F7556}") = "Desktop.Shared", "Desktop.Shared\Desktop.Shared.csproj", "{38099844-F6B6-4975-BEC5-D58A547145F0}"
EndProject
Project("{2150E333-8FDC-42A3-9474-1A3956D46DE8}") = "Docker", "Docker", "{963B5555-30AE-428E-9686-59C4B6FEC052}"
	ProjectSection(SolutionItems) = preProject
		.docker\Dockerfile = .docker\Dockerfile
		.docker\Dockerfile.old = .docker\Dockerfile.old
		.docker\Dockerfile.rootless = .docker\Dockerfile.rootless
		.docker\DockerMain.sh = .docker\DockerMain.sh
	EndProjectSection
EndProject
Project("{9A19103F-16F7-4668-BE54-9A1E7A4F7556}") = "Immense.RemoteControl.Desktop.Shared", "submodules\Immense.RemoteControl\Immense.RemoteControl.Desktop.Shared\Immense.RemoteControl.Desktop.Shared.csproj", "{3EB48B01-A672-4658-868B-8CA21FF73929}"
EndProject
Project("{9A19103F-16F7-4668-BE54-9A1E7A4F7556}") = "Immense.RemoteControl.Desktop.Windows", "submodules\Immense.RemoteControl\Immense.RemoteControl.Desktop.Windows\Immense.RemoteControl.Desktop.Windows.csproj", "{7FA4456D-8695-4990-B20A-B897CF9DF0EF}"
EndProject
Project("{9A19103F-16F7-4668-BE54-9A1E7A4F7556}") = "Immense.RemoteControl.Server", "submodules\Immense.RemoteControl\Immense.RemoteControl.Server\Immense.RemoteControl.Server.csproj", "{8CBED18D-64A8-44C0-8433-EE14E93B472A}"
EndProject
Project("{9A19103F-16F7-4668-BE54-9A1E7A4F7556}") = "Immense.RemoteControl.Shared", "submodules\Immense.RemoteControl\Immense.RemoteControl.Shared\Immense.RemoteControl.Shared.csproj", "{FEF0D431-EB2F-4C08-A125-8DF59AFDA525}"
EndProject
Project("{2150E333-8FDC-42A3-9474-1A3956D46DE8}") = "Tests", "Tests", "{E4D83C37-8B98-44FB-898B-9AA1BB223C66}"
EndProject
Project("{9A19103F-16F7-4668-BE54-9A1E7A4F7556}") = "Immense.RemoteControl.Desktop.Linux", "submodules\Immense.RemoteControl\Immense.RemoteControl.Desktop.Linux\Immense.RemoteControl.Desktop.Linux.csproj", "{2FF27827-1F43-474E-A0E3-DA76BC598BCC}"
EndProject
Project("{9A19103F-16F7-4668-BE54-9A1E7A4F7556}") = "Immense.RemoteControl.Desktop.UI", "submodules\Immense.RemoteControl\Immense.RemoteControl.Desktop.UI\Immense.RemoteControl.Desktop.UI.csproj", "{3095BA44-D5E0-42B4-9161-7F7AB8E68A10}"
EndProject
Global
	GlobalSection(SolutionConfigurationPlatforms) = preSolution
		Debug|Any CPU = Debug|Any CPU
		Debug|x64 = Debug|x64
		Debug|x86 = Debug|x86
		Release|Any CPU = Release|Any CPU
		Release|x64 = Release|x64
		Release|x86 = Release|x86
	EndGlobalSection
	GlobalSection(ProjectConfigurationPlatforms) = postSolution
		{98A8DF30-0993-4B49-822E-244A70AB8C4D}.Debug|Any CPU.ActiveCfg = Debug|Any CPU
		{98A8DF30-0993-4B49-822E-244A70AB8C4D}.Debug|Any CPU.Build.0 = Debug|Any CPU
		{98A8DF30-0993-4B49-822E-244A70AB8C4D}.Debug|x64.ActiveCfg = Debug|x64
		{98A8DF30-0993-4B49-822E-244A70AB8C4D}.Debug|x64.Build.0 = Debug|x64
		{98A8DF30-0993-4B49-822E-244A70AB8C4D}.Debug|x86.ActiveCfg = Debug|x86
		{98A8DF30-0993-4B49-822E-244A70AB8C4D}.Debug|x86.Build.0 = Debug|x86
		{98A8DF30-0993-4B49-822E-244A70AB8C4D}.Release|Any CPU.ActiveCfg = Release|Any CPU
		{98A8DF30-0993-4B49-822E-244A70AB8C4D}.Release|Any CPU.Build.0 = Release|Any CPU
		{98A8DF30-0993-4B49-822E-244A70AB8C4D}.Release|x64.ActiveCfg = Release|x64
		{98A8DF30-0993-4B49-822E-244A70AB8C4D}.Release|x64.Build.0 = Release|x64
		{98A8DF30-0993-4B49-822E-244A70AB8C4D}.Release|x86.ActiveCfg = Release|x86
		{98A8DF30-0993-4B49-822E-244A70AB8C4D}.Release|x86.Build.0 = Release|x86
		{3B1B36AE-7A60-4974-A868-1E24894D4149}.Debug|Any CPU.ActiveCfg = Debug|Any CPU
		{3B1B36AE-7A60-4974-A868-1E24894D4149}.Debug|Any CPU.Build.0 = Debug|Any CPU
		{3B1B36AE-7A60-4974-A868-1E24894D4149}.Debug|x64.ActiveCfg = Debug|x64
		{3B1B36AE-7A60-4974-A868-1E24894D4149}.Debug|x64.Build.0 = Debug|x64
		{3B1B36AE-7A60-4974-A868-1E24894D4149}.Debug|x86.ActiveCfg = Debug|x86
		{3B1B36AE-7A60-4974-A868-1E24894D4149}.Debug|x86.Build.0 = Debug|x86
		{3B1B36AE-7A60-4974-A868-1E24894D4149}.Release|Any CPU.ActiveCfg = Release|Any CPU
		{3B1B36AE-7A60-4974-A868-1E24894D4149}.Release|Any CPU.Build.0 = Release|Any CPU
		{3B1B36AE-7A60-4974-A868-1E24894D4149}.Release|x64.ActiveCfg = Release|x64
		{3B1B36AE-7A60-4974-A868-1E24894D4149}.Release|x64.Build.0 = Release|x64
		{3B1B36AE-7A60-4974-A868-1E24894D4149}.Release|x86.ActiveCfg = Release|x86
		{3B1B36AE-7A60-4974-A868-1E24894D4149}.Release|x86.Build.0 = Release|x86
		{FF7FD66A-B3E2-4D39-A457-A00C94EDE9E6}.Debug|Any CPU.ActiveCfg = Debug|Any CPU
		{FF7FD66A-B3E2-4D39-A457-A00C94EDE9E6}.Debug|Any CPU.Build.0 = Debug|Any CPU
		{FF7FD66A-B3E2-4D39-A457-A00C94EDE9E6}.Debug|x64.ActiveCfg = Debug|x64
		{FF7FD66A-B3E2-4D39-A457-A00C94EDE9E6}.Debug|x64.Build.0 = Debug|x64
		{FF7FD66A-B3E2-4D39-A457-A00C94EDE9E6}.Debug|x86.ActiveCfg = Debug|x86
		{FF7FD66A-B3E2-4D39-A457-A00C94EDE9E6}.Debug|x86.Build.0 = Debug|x86
		{FF7FD66A-B3E2-4D39-A457-A00C94EDE9E6}.Release|Any CPU.ActiveCfg = Release|Any CPU
		{FF7FD66A-B3E2-4D39-A457-A00C94EDE9E6}.Release|Any CPU.Build.0 = Release|Any CPU
		{FF7FD66A-B3E2-4D39-A457-A00C94EDE9E6}.Release|x64.ActiveCfg = Release|x64
		{FF7FD66A-B3E2-4D39-A457-A00C94EDE9E6}.Release|x64.Build.0 = Release|x64
		{FF7FD66A-B3E2-4D39-A457-A00C94EDE9E6}.Release|x86.ActiveCfg = Release|x86
		{FF7FD66A-B3E2-4D39-A457-A00C94EDE9E6}.Release|x86.Build.0 = Release|x86
		{6B726FC4-A907-4813-BF38-3342E02AA8D2}.Debug|Any CPU.ActiveCfg = Debug|Any CPU
		{6B726FC4-A907-4813-BF38-3342E02AA8D2}.Debug|Any CPU.Build.0 = Debug|Any CPU
		{6B726FC4-A907-4813-BF38-3342E02AA8D2}.Debug|x64.ActiveCfg = Debug|x64
		{6B726FC4-A907-4813-BF38-3342E02AA8D2}.Debug|x64.Build.0 = Debug|x64
		{6B726FC4-A907-4813-BF38-3342E02AA8D2}.Debug|x86.ActiveCfg = Debug|x86
		{6B726FC4-A907-4813-BF38-3342E02AA8D2}.Debug|x86.Build.0 = Debug|x86
		{6B726FC4-A907-4813-BF38-3342E02AA8D2}.Release|Any CPU.ActiveCfg = Release|Any CPU
		{6B726FC4-A907-4813-BF38-3342E02AA8D2}.Release|Any CPU.Build.0 = Release|Any CPU
		{6B726FC4-A907-4813-BF38-3342E02AA8D2}.Release|x64.ActiveCfg = Release|x64
		{6B726FC4-A907-4813-BF38-3342E02AA8D2}.Release|x64.Build.0 = Release|x64
		{6B726FC4-A907-4813-BF38-3342E02AA8D2}.Release|x86.ActiveCfg = Release|x86
		{6B726FC4-A907-4813-BF38-3342E02AA8D2}.Release|x86.Build.0 = Release|x86
		{A3D0368C-0850-4614-B5B5-41B9D5135AA9}.Debug|Any CPU.ActiveCfg = Debug|Any CPU
		{A3D0368C-0850-4614-B5B5-41B9D5135AA9}.Debug|Any CPU.Build.0 = Debug|Any CPU
		{A3D0368C-0850-4614-B5B5-41B9D5135AA9}.Debug|x64.ActiveCfg = Debug|Any CPU
		{A3D0368C-0850-4614-B5B5-41B9D5135AA9}.Debug|x64.Build.0 = Debug|Any CPU
		{A3D0368C-0850-4614-B5B5-41B9D5135AA9}.Debug|x86.ActiveCfg = Debug|Any CPU
		{A3D0368C-0850-4614-B5B5-41B9D5135AA9}.Debug|x86.Build.0 = Debug|Any CPU
		{A3D0368C-0850-4614-B5B5-41B9D5135AA9}.Release|Any CPU.ActiveCfg = Release|Any CPU
		{A3D0368C-0850-4614-B5B5-41B9D5135AA9}.Release|Any CPU.Build.0 = Release|Any CPU
		{A3D0368C-0850-4614-B5B5-41B9D5135AA9}.Release|x64.ActiveCfg = Release|Any CPU
		{A3D0368C-0850-4614-B5B5-41B9D5135AA9}.Release|x64.Build.0 = Release|Any CPU
		{A3D0368C-0850-4614-B5B5-41B9D5135AA9}.Release|x86.ActiveCfg = Release|Any CPU
		{A3D0368C-0850-4614-B5B5-41B9D5135AA9}.Release|x86.Build.0 = Release|Any CPU
		{48D9D0E6-5781-44A9-84C0-56F56C2A1193}.Debug|Any CPU.ActiveCfg = Debug|Any CPU
		{48D9D0E6-5781-44A9-84C0-56F56C2A1193}.Debug|Any CPU.Build.0 = Debug|Any CPU
		{48D9D0E6-5781-44A9-84C0-56F56C2A1193}.Debug|x64.ActiveCfg = Debug|x64
		{48D9D0E6-5781-44A9-84C0-56F56C2A1193}.Debug|x64.Build.0 = Debug|x64
		{48D9D0E6-5781-44A9-84C0-56F56C2A1193}.Debug|x86.ActiveCfg = Debug|x86
		{48D9D0E6-5781-44A9-84C0-56F56C2A1193}.Debug|x86.Build.0 = Debug|x86
		{48D9D0E6-5781-44A9-84C0-56F56C2A1193}.Release|Any CPU.ActiveCfg = Release|Any CPU
		{48D9D0E6-5781-44A9-84C0-56F56C2A1193}.Release|Any CPU.Build.0 = Release|Any CPU
		{48D9D0E6-5781-44A9-84C0-56F56C2A1193}.Release|x64.ActiveCfg = Release|Any CPU
		{48D9D0E6-5781-44A9-84C0-56F56C2A1193}.Release|x64.Build.0 = Release|Any CPU
		{48D9D0E6-5781-44A9-84C0-56F56C2A1193}.Release|x86.ActiveCfg = Release|x86
		{48D9D0E6-5781-44A9-84C0-56F56C2A1193}.Release|x86.Build.0 = Release|x86
		{6C25240C-613D-4A86-A04E-784BA6726094}.Debug|Any CPU.ActiveCfg = Debug|Any CPU
		{6C25240C-613D-4A86-A04E-784BA6726094}.Debug|Any CPU.Build.0 = Debug|Any CPU
		{6C25240C-613D-4A86-A04E-784BA6726094}.Debug|x64.ActiveCfg = Debug|Any CPU
		{6C25240C-613D-4A86-A04E-784BA6726094}.Debug|x64.Build.0 = Debug|Any CPU
		{6C25240C-613D-4A86-A04E-784BA6726094}.Debug|x86.ActiveCfg = Debug|Any CPU
		{6C25240C-613D-4A86-A04E-784BA6726094}.Debug|x86.Build.0 = Debug|Any CPU
		{6C25240C-613D-4A86-A04E-784BA6726094}.Release|Any CPU.ActiveCfg = Release|Any CPU
		{6C25240C-613D-4A86-A04E-784BA6726094}.Release|Any CPU.Build.0 = Release|Any CPU
		{6C25240C-613D-4A86-A04E-784BA6726094}.Release|x64.ActiveCfg = Release|Any CPU
		{6C25240C-613D-4A86-A04E-784BA6726094}.Release|x64.Build.0 = Release|Any CPU
		{6C25240C-613D-4A86-A04E-784BA6726094}.Release|x86.ActiveCfg = Release|Any CPU
		{6C25240C-613D-4A86-A04E-784BA6726094}.Release|x86.Build.0 = Release|Any CPU
		{75EC5DCD-DC76-4799-8623-206B1F73CA95}.Debug|Any CPU.ActiveCfg = Debug|Any CPU
		{75EC5DCD-DC76-4799-8623-206B1F73CA95}.Debug|Any CPU.Build.0 = Debug|Any CPU
		{75EC5DCD-DC76-4799-8623-206B1F73CA95}.Debug|x64.ActiveCfg = Debug|Any CPU
		{75EC5DCD-DC76-4799-8623-206B1F73CA95}.Debug|x64.Build.0 = Debug|Any CPU
		{75EC5DCD-DC76-4799-8623-206B1F73CA95}.Debug|x86.ActiveCfg = Debug|Any CPU
		{75EC5DCD-DC76-4799-8623-206B1F73CA95}.Debug|x86.Build.0 = Debug|Any CPU
		{75EC5DCD-DC76-4799-8623-206B1F73CA95}.Release|Any CPU.ActiveCfg = Release|Any CPU
		{75EC5DCD-DC76-4799-8623-206B1F73CA95}.Release|Any CPU.Build.0 = Release|Any CPU
		{75EC5DCD-DC76-4799-8623-206B1F73CA95}.Release|x64.ActiveCfg = Release|Any CPU
		{75EC5DCD-DC76-4799-8623-206B1F73CA95}.Release|x64.Build.0 = Release|Any CPU
		{75EC5DCD-DC76-4799-8623-206B1F73CA95}.Release|x86.ActiveCfg = Release|Any CPU
		{75EC5DCD-DC76-4799-8623-206B1F73CA95}.Release|x86.Build.0 = Release|Any CPU
		{B6C1030D-1F74-4143-BB70-FC79C0274653}.Debug|Any CPU.ActiveCfg = Debug|Any CPU
		{B6C1030D-1F74-4143-BB70-FC79C0274653}.Debug|Any CPU.Build.0 = Debug|Any CPU
		{B6C1030D-1F74-4143-BB70-FC79C0274653}.Debug|x64.ActiveCfg = Debug|Any CPU
		{B6C1030D-1F74-4143-BB70-FC79C0274653}.Debug|x64.Build.0 = Debug|Any CPU
		{B6C1030D-1F74-4143-BB70-FC79C0274653}.Debug|x86.ActiveCfg = Debug|Any CPU
		{B6C1030D-1F74-4143-BB70-FC79C0274653}.Debug|x86.Build.0 = Debug|Any CPU
		{B6C1030D-1F74-4143-BB70-FC79C0274653}.Release|Any CPU.ActiveCfg = Release|Any CPU
		{B6C1030D-1F74-4143-BB70-FC79C0274653}.Release|Any CPU.Build.0 = Release|Any CPU
		{B6C1030D-1F74-4143-BB70-FC79C0274653}.Release|x64.ActiveCfg = Release|Any CPU
		{B6C1030D-1F74-4143-BB70-FC79C0274653}.Release|x64.Build.0 = Release|Any CPU
		{B6C1030D-1F74-4143-BB70-FC79C0274653}.Release|x86.ActiveCfg = Release|Any CPU
		{B6C1030D-1F74-4143-BB70-FC79C0274653}.Release|x86.Build.0 = Release|Any CPU
		{38099844-F6B6-4975-BEC5-D58A547145F0}.Debug|Any CPU.ActiveCfg = Debug|Any CPU
		{38099844-F6B6-4975-BEC5-D58A547145F0}.Debug|Any CPU.Build.0 = Debug|Any CPU
		{38099844-F6B6-4975-BEC5-D58A547145F0}.Debug|x64.ActiveCfg = Debug|Any CPU
		{38099844-F6B6-4975-BEC5-D58A547145F0}.Debug|x64.Build.0 = Debug|Any CPU
		{38099844-F6B6-4975-BEC5-D58A547145F0}.Debug|x86.ActiveCfg = Debug|Any CPU
		{38099844-F6B6-4975-BEC5-D58A547145F0}.Debug|x86.Build.0 = Debug|Any CPU
		{38099844-F6B6-4975-BEC5-D58A547145F0}.Release|Any CPU.ActiveCfg = Release|Any CPU
		{38099844-F6B6-4975-BEC5-D58A547145F0}.Release|Any CPU.Build.0 = Release|Any CPU
		{38099844-F6B6-4975-BEC5-D58A547145F0}.Release|x64.ActiveCfg = Release|Any CPU
		{38099844-F6B6-4975-BEC5-D58A547145F0}.Release|x64.Build.0 = Release|Any CPU
		{38099844-F6B6-4975-BEC5-D58A547145F0}.Release|x86.ActiveCfg = Release|Any CPU
		{38099844-F6B6-4975-BEC5-D58A547145F0}.Release|x86.Build.0 = Release|Any CPU
		{3EB48B01-A672-4658-868B-8CA21FF73929}.Debug|Any CPU.ActiveCfg = Debug|Any CPU
		{3EB48B01-A672-4658-868B-8CA21FF73929}.Debug|Any CPU.Build.0 = Debug|Any CPU
		{3EB48B01-A672-4658-868B-8CA21FF73929}.Debug|x64.ActiveCfg = Debug|Any CPU
		{3EB48B01-A672-4658-868B-8CA21FF73929}.Debug|x64.Build.0 = Debug|Any CPU
		{3EB48B01-A672-4658-868B-8CA21FF73929}.Debug|x86.ActiveCfg = Debug|Any CPU
		{3EB48B01-A672-4658-868B-8CA21FF73929}.Debug|x86.Build.0 = Debug|Any CPU
		{3EB48B01-A672-4658-868B-8CA21FF73929}.Release|Any CPU.ActiveCfg = Release|Any CPU
		{3EB48B01-A672-4658-868B-8CA21FF73929}.Release|Any CPU.Build.0 = Release|Any CPU
		{3EB48B01-A672-4658-868B-8CA21FF73929}.Release|x64.ActiveCfg = Release|Any CPU
		{3EB48B01-A672-4658-868B-8CA21FF73929}.Release|x64.Build.0 = Release|Any CPU
		{3EB48B01-A672-4658-868B-8CA21FF73929}.Release|x86.ActiveCfg = Release|Any CPU
		{3EB48B01-A672-4658-868B-8CA21FF73929}.Release|x86.Build.0 = Release|Any CPU
		{7FA4456D-8695-4990-B20A-B897CF9DF0EF}.Debug|Any CPU.ActiveCfg = Debug|Any CPU
		{7FA4456D-8695-4990-B20A-B897CF9DF0EF}.Debug|Any CPU.Build.0 = Debug|Any CPU
		{7FA4456D-8695-4990-B20A-B897CF9DF0EF}.Debug|x64.ActiveCfg = Debug|Any CPU
		{7FA4456D-8695-4990-B20A-B897CF9DF0EF}.Debug|x64.Build.0 = Debug|Any CPU
		{7FA4456D-8695-4990-B20A-B897CF9DF0EF}.Debug|x86.ActiveCfg = Debug|Any CPU
		{7FA4456D-8695-4990-B20A-B897CF9DF0EF}.Debug|x86.Build.0 = Debug|Any CPU
		{7FA4456D-8695-4990-B20A-B897CF9DF0EF}.Release|Any CPU.ActiveCfg = Release|Any CPU
		{7FA4456D-8695-4990-B20A-B897CF9DF0EF}.Release|Any CPU.Build.0 = Release|Any CPU
		{7FA4456D-8695-4990-B20A-B897CF9DF0EF}.Release|x64.ActiveCfg = Release|Any CPU
		{7FA4456D-8695-4990-B20A-B897CF9DF0EF}.Release|x64.Build.0 = Release|Any CPU
		{7FA4456D-8695-4990-B20A-B897CF9DF0EF}.Release|x86.ActiveCfg = Release|Any CPU
		{7FA4456D-8695-4990-B20A-B897CF9DF0EF}.Release|x86.Build.0 = Release|Any CPU
		{8CBED18D-64A8-44C0-8433-EE14E93B472A}.Debug|Any CPU.ActiveCfg = Debug|Any CPU
		{8CBED18D-64A8-44C0-8433-EE14E93B472A}.Debug|Any CPU.Build.0 = Debug|Any CPU
		{8CBED18D-64A8-44C0-8433-EE14E93B472A}.Debug|x64.ActiveCfg = Debug|Any CPU
		{8CBED18D-64A8-44C0-8433-EE14E93B472A}.Debug|x64.Build.0 = Debug|Any CPU
		{8CBED18D-64A8-44C0-8433-EE14E93B472A}.Debug|x86.ActiveCfg = Debug|Any CPU
		{8CBED18D-64A8-44C0-8433-EE14E93B472A}.Debug|x86.Build.0 = Debug|Any CPU
		{8CBED18D-64A8-44C0-8433-EE14E93B472A}.Release|Any CPU.ActiveCfg = Release|Any CPU
		{8CBED18D-64A8-44C0-8433-EE14E93B472A}.Release|Any CPU.Build.0 = Release|Any CPU
		{8CBED18D-64A8-44C0-8433-EE14E93B472A}.Release|x64.ActiveCfg = Release|Any CPU
		{8CBED18D-64A8-44C0-8433-EE14E93B472A}.Release|x64.Build.0 = Release|Any CPU
		{8CBED18D-64A8-44C0-8433-EE14E93B472A}.Release|x86.ActiveCfg = Release|Any CPU
		{8CBED18D-64A8-44C0-8433-EE14E93B472A}.Release|x86.Build.0 = Release|Any CPU
		{FEF0D431-EB2F-4C08-A125-8DF59AFDA525}.Debug|Any CPU.ActiveCfg = Debug|Any CPU
		{FEF0D431-EB2F-4C08-A125-8DF59AFDA525}.Debug|Any CPU.Build.0 = Debug|Any CPU
		{FEF0D431-EB2F-4C08-A125-8DF59AFDA525}.Debug|x64.ActiveCfg = Debug|Any CPU
		{FEF0D431-EB2F-4C08-A125-8DF59AFDA525}.Debug|x64.Build.0 = Debug|Any CPU
		{FEF0D431-EB2F-4C08-A125-8DF59AFDA525}.Debug|x86.ActiveCfg = Debug|Any CPU
		{FEF0D431-EB2F-4C08-A125-8DF59AFDA525}.Debug|x86.Build.0 = Debug|Any CPU
		{FEF0D431-EB2F-4C08-A125-8DF59AFDA525}.Release|Any CPU.ActiveCfg = Release|Any CPU
		{FEF0D431-EB2F-4C08-A125-8DF59AFDA525}.Release|Any CPU.Build.0 = Release|Any CPU
		{FEF0D431-EB2F-4C08-A125-8DF59AFDA525}.Release|x64.ActiveCfg = Release|Any CPU
		{FEF0D431-EB2F-4C08-A125-8DF59AFDA525}.Release|x64.Build.0 = Release|Any CPU
		{FEF0D431-EB2F-4C08-A125-8DF59AFDA525}.Release|x86.ActiveCfg = Release|Any CPU
		{FEF0D431-EB2F-4C08-A125-8DF59AFDA525}.Release|x86.Build.0 = Release|Any CPU
		{2FF27827-1F43-474E-A0E3-DA76BC598BCC}.Debug|Any CPU.ActiveCfg = Debug|Any CPU
		{2FF27827-1F43-474E-A0E3-DA76BC598BCC}.Debug|Any CPU.Build.0 = Debug|Any CPU
		{2FF27827-1F43-474E-A0E3-DA76BC598BCC}.Debug|x64.ActiveCfg = Debug|Any CPU
		{2FF27827-1F43-474E-A0E3-DA76BC598BCC}.Debug|x64.Build.0 = Debug|Any CPU
		{2FF27827-1F43-474E-A0E3-DA76BC598BCC}.Debug|x86.ActiveCfg = Debug|Any CPU
		{2FF27827-1F43-474E-A0E3-DA76BC598BCC}.Debug|x86.Build.0 = Debug|Any CPU
		{2FF27827-1F43-474E-A0E3-DA76BC598BCC}.Release|Any CPU.ActiveCfg = Release|Any CPU
		{2FF27827-1F43-474E-A0E3-DA76BC598BCC}.Release|Any CPU.Build.0 = Release|Any CPU
		{2FF27827-1F43-474E-A0E3-DA76BC598BCC}.Release|x64.ActiveCfg = Release|Any CPU
		{2FF27827-1F43-474E-A0E3-DA76BC598BCC}.Release|x64.Build.0 = Release|Any CPU
		{2FF27827-1F43-474E-A0E3-DA76BC598BCC}.Release|x86.ActiveCfg = Release|Any CPU
		{2FF27827-1F43-474E-A0E3-DA76BC598BCC}.Release|x86.Build.0 = Release|Any CPU
		{3095BA44-D5E0-42B4-9161-7F7AB8E68A10}.Debug|Any CPU.ActiveCfg = Debug|Any CPU
		{3095BA44-D5E0-42B4-9161-7F7AB8E68A10}.Debug|Any CPU.Build.0 = Debug|Any CPU
		{3095BA44-D5E0-42B4-9161-7F7AB8E68A10}.Debug|x64.ActiveCfg = Debug|Any CPU
		{3095BA44-D5E0-42B4-9161-7F7AB8E68A10}.Debug|x64.Build.0 = Debug|Any CPU
		{3095BA44-D5E0-42B4-9161-7F7AB8E68A10}.Debug|x86.ActiveCfg = Debug|Any CPU
		{3095BA44-D5E0-42B4-9161-7F7AB8E68A10}.Debug|x86.Build.0 = Debug|Any CPU
		{3095BA44-D5E0-42B4-9161-7F7AB8E68A10}.Release|Any CPU.ActiveCfg = Release|Any CPU
		{3095BA44-D5E0-42B4-9161-7F7AB8E68A10}.Release|Any CPU.Build.0 = Release|Any CPU
		{3095BA44-D5E0-42B4-9161-7F7AB8E68A10}.Release|x64.ActiveCfg = Release|Any CPU
		{3095BA44-D5E0-42B4-9161-7F7AB8E68A10}.Release|x64.Build.0 = Release|Any CPU
		{3095BA44-D5E0-42B4-9161-7F7AB8E68A10}.Release|x86.ActiveCfg = Release|Any CPU
		{3095BA44-D5E0-42B4-9161-7F7AB8E68A10}.Release|x86.Build.0 = Release|Any CPU
	EndGlobalSection
	GlobalSection(SolutionProperties) = preSolution
		HideSolutionNode = FALSE
	EndGlobalSection
	GlobalSection(NestedProjects) = preSolution
		{48D9D0E6-5781-44A9-84C0-56F56C2A1193} = {0754E195-7080-4AAC-B5A3-A9923B1283CE}
		{6C25240C-613D-4A86-A04E-784BA6726094} = {0754E195-7080-4AAC-B5A3-A9923B1283CE}
		{B6C1030D-1F74-4143-BB70-FC79C0274653} = {0754E195-7080-4AAC-B5A3-A9923B1283CE}
		{963B5555-30AE-428E-9686-59C4B6FEC052} = {2176596E-12DA-4766-96E1-4D23EA7DBEC8}
		{3EB48B01-A672-4658-868B-8CA21FF73929} = {48C738FB-359E-43DB-B338-FD7CB1CCF6A8}
		{7FA4456D-8695-4990-B20A-B897CF9DF0EF} = {48C738FB-359E-43DB-B338-FD7CB1CCF6A8}
		{8CBED18D-64A8-44C0-8433-EE14E93B472A} = {48C738FB-359E-43DB-B338-FD7CB1CCF6A8}
		{FEF0D431-EB2F-4C08-A125-8DF59AFDA525} = {48C738FB-359E-43DB-B338-FD7CB1CCF6A8}
		{E4D83C37-8B98-44FB-898B-9AA1BB223C66} = {48C738FB-359E-43DB-B338-FD7CB1CCF6A8}
		{2FF27827-1F43-474E-A0E3-DA76BC598BCC} = {48C738FB-359E-43DB-B338-FD7CB1CCF6A8}
		{3095BA44-D5E0-42B4-9161-7F7AB8E68A10} = {48C738FB-359E-43DB-B338-FD7CB1CCF6A8}
	EndGlobalSection
	GlobalSection(ExtensibilityGlobals) = postSolution
		SolutionGuid = {EAE10B28-119B-437C-9E68-06F0EE3F968A}
	EndGlobalSection
EndGlobal
