
Microsoft Visual Studio Solution File, Format Version 12.00
# Visual Studio Version 17
VisualStudioVersion = 17.2.32602.215
MinimumVisualStudioVersion = 10.0.40219.1
Project("{9A19103F-16F7-4668-BE54-9A1E7A4F7556}") = "Agent", "Agent\Agent.csproj", "{98A8DF30-0993-4B49-822E-244A70AB8C4D}"
EndProject
Project("{2150E333-8FDC-42A3-9474-1A3956D46DE8}") = "Utilities", "Utilities", "{2CAC9A2B-1402-465F-83F8-958B4E081CA3}"
	ProjectSection(SolutionItems) = preProject
		Utilities\Add-Migration.ps1 = Utilities\Add-Migration.ps1
		Utilities\Example_Apache_Config.txt = Utilities\Example_Apache_Config.txt
		Utilities\Example_Nginx_Config.txt = Utilities\Example_Nginx_Config.txt
		Utilities\Get-PSCommands.ps1 = Utilities\Get-PSCommands.ps1
		Utilities\Get-WindowsCommands.ps1 = Utilities\Get-WindowsCommands.ps1
		Utilities\Publish.ps1 = Utilities\Publish.ps1
		Utilities\signtool.exe = Utilities\signtool.exe
	EndProjectSection
EndProject
Project("{2150E333-8FDC-42A3-9474-1A3956D46DE8}") = "Assets", "Assets", "{D96B47F6-EF3E-4AF6-A1BE-006D531DDBA4}"
	ProjectSection(SolutionItems) = preProject
		Assets\Remotely_Icon.ico = Assets\Remotely_Icon.ico
		Assets\Remotely_Icon.pdn = Assets\Remotely_Icon.pdn
		Assets\Remotely_Icon.png = Assets\Remotely_Icon.png
		Assets\Remotely_Logo.png = Assets\Remotely_Logo.png
	EndProjectSection
EndProject
Project("{9A19103F-16F7-4668-BE54-9A1E7A4F7556}") = "Shared", "Shared\Shared.csproj", "{3B1B36AE-7A60-4974-A868-1E24894D4149}"
EndProject
Project("{9A19103F-16F7-4668-BE54-9A1E7A4F7556}") = "Desktop.Linux", "Desktop.Linux\Desktop.Linux.csproj", "{FF7FD66A-B3E2-4D39-A457-A00C94EDE9E6}"
EndProject
Project("{9A19103F-16F7-4668-BE54-9A1E7A4F7556}") = "Desktop.Win", "Desktop.Win\Desktop.Win.csproj", "{6B726FC4-A907-4813-BF38-3342E02AA8D2}"
EndProject
Project("{FAE04EC0-301F-11D3-BF4B-00C04F79EFBC}") = "Agent.Installer.Win", "Agent.Installer.Win\Agent.Installer.Win.csproj", "{A3D0368C-0850-4614-B5B5-41B9D5135AA9}"
EndProject
Project("{9A19103F-16F7-4668-BE54-9A1E7A4F7556}") = "Server.Tests", "Tests\Server.Tests\Server.Tests.csproj", "{48D9D0E6-5781-44A9-84C0-56F56C2A1193}"
EndProject
Project("{9A19103F-16F7-4668-BE54-9A1E7A4F7556}") = "LoadTester", "Tests\LoadTester\LoadTester.csproj", "{6C25240C-613D-4A86-A04E-784BA6726094}"
EndProject
Project("{2150E333-8FDC-42A3-9474-1A3956D46DE8}") = "Solution Items", "Solution Items", "{2176596E-12DA-4766-96E1-4D23EA7DBEC8}"
	ProjectSection(SolutionItems) = preProject
		.editorconfig = .editorconfig
		LICENSE = LICENSE
		README.md = README.md
	EndProjectSection
EndProject
Project("{9A19103F-16F7-4668-BE54-9A1E7A4F7556}") = "Server", "Server\Server.csproj", "{75EC5DCD-DC76-4799-8623-206B1F73CA95}"
EndProject
Project("{2150E333-8FDC-42A3-9474-1A3956D46DE8}") = "Tests", "Tests", "{0754E195-7080-4AAC-B5A3-A9923B1283CE}"
EndProject
Project("{9A19103F-16F7-4668-BE54-9A1E7A4F7556}") = "Shared.Tests", "Tests\Shared.Tests\Shared.Tests.csproj", "{B6C1030D-1F74-4143-BB70-FC79C0274653}"
EndProject
Project("{2150E333-8FDC-42A3-9474-1A3956D46DE8}") = "Submodules", "Submodules", "{48C738FB-359E-43DB-B338-FD7CB1CCF6A8}"
EndProject
Project("{9A19103F-16F7-4668-BE54-9A1E7A4F7556}") = "Server", "submodules\Immense.RemoteControl\Server\Server.csproj", "{F3156F61-C676-4C48-AC77-5EA0B7E6103C}"
EndProject
Project("{9A19103F-16F7-4668-BE54-9A1E7A4F7556}") = "Desktop.Shared", "submodules\Immense.RemoteControl\Desktop.Shared\Desktop.Shared.csproj", "{13B2A6A1-A4D6-4151-BB1D-AF99C0978BC7}"
EndProject
Project("{9A19103F-16F7-4668-BE54-9A1E7A4F7556}") = "Desktop.Windows", "submodules\Immense.RemoteControl\Desktop.Windows\Desktop.Windows.csproj", "{FA176AB4-9BEB-43A0-873C-A79AE1404175}"
EndProject
Project("{9A19103F-16F7-4668-BE54-9A1E7A4F7556}") = "Desktop.Linux", "submodules\Immense.RemoteControl\Desktop.Linux\Desktop.Linux.csproj", "{CD57135E-1595-41AB-91D6-4DD5188E3275}"
EndProject
Project("{9A19103F-16F7-4668-BE54-9A1E7A4F7556}") = "Desktop.Mac", "submodules\Immense.RemoteControl\Desktop.Mac\Desktop.Mac.csproj", "{EF01B68C-7211-44DD-B4B2-B1C7341455CD}"
EndProject
Project("{9A19103F-16F7-4668-BE54-9A1E7A4F7556}") = "Shared", "submodules\Immense.RemoteControl\Shared\Shared.csproj", "{60173A96-0886-4DB0-903A-74ABA9F64C2C}"
EndProject
Project("{9A19103F-16F7-4668-BE54-9A1E7A4F7556}") = "Desktop.Shared", "Desktop.Shared\Desktop.Shared.csproj", "{38099844-F6B6-4975-BEC5-D58A547145F0}"
EndProject
Project("{9A19103F-16F7-4668-BE54-9A1E7A4F7556}") = "Desktop.UI.WPF", "submodules\Immense.RemoteControl\Desktop.UI.WPF\Desktop.UI.WPF.csproj", "{1F3338AA-7141-4864-991C-A60196C92111}"
EndProject
Project("{9A19103F-16F7-4668-BE54-9A1E7A4F7556}") = "Desktop.UI", "submodules\Immense.RemoteControl\Desktop.UI\Desktop.UI.csproj", "{A53091D5-29A9-4EBF-B4E5-26DCFF0A516C}"
EndProject
Project("{2150E333-8FDC-42A3-9474-1A3956D46DE8}") = "Docker", "Docker", "{963B5555-30AE-428E-9686-59C4B6FEC052}"
	ProjectSection(SolutionItems) = preProject
		.docker\Dockerfile = .docker\Dockerfile
		.docker\Dockerfile-old = .docker\Dockerfile-old
		.docker\Dockerfile-rootless = .docker\Dockerfile-rootless
		.docker\DockerMain.sh = .docker\DockerMain.sh
	EndProjectSection
EndProject
Global
	GlobalSection(SolutionConfigurationPlatforms) = preSolution
		Debug|Any CPU = Debug|Any CPU
		Debug|x64 = Debug|x64
		Debug|x86 = Debug|x86
		Release|Any CPU = Release|Any CPU
		Release|x64 = Release|x64
		Release|x86 = Release|x86
	EndGlobalSection
	GlobalSection(ProjectConfigurationPlatforms) = postSolution
		{98A8DF30-0993-4B49-822E-244A70AB8C4D}.Debug|Any CPU.ActiveCfg = Debug|Any CPU
		{98A8DF30-0993-4B49-822E-244A70AB8C4D}.Debug|Any CPU.Build.0 = Debug|Any CPU
		{98A8DF30-0993-4B49-822E-244A70AB8C4D}.Debug|x64.ActiveCfg = Debug|x64
		{98A8DF30-0993-4B49-822E-244A70AB8C4D}.Debug|x64.Build.0 = Debug|x64
		{98A8DF30-0993-4B49-822E-244A70AB8C4D}.Debug|x86.ActiveCfg = Debug|x86
		{98A8DF30-0993-4B49-822E-244A70AB8C4D}.Debug|x86.Build.0 = Debug|x86
		{98A8DF30-0993-4B49-822E-244A70AB8C4D}.Release|Any CPU.ActiveCfg = Release|Any CPU
		{98A8DF30-0993-4B49-822E-244A70AB8C4D}.Release|Any CPU.Build.0 = Release|Any CPU
		{98A8DF30-0993-4B49-822E-244A70AB8C4D}.Release|x64.ActiveCfg = Release|x64
		{98A8DF30-0993-4B49-822E-244A70AB8C4D}.Release|x64.Build.0 = Release|x64
		{98A8DF30-0993-4B49-822E-244A70AB8C4D}.Release|x86.ActiveCfg = Release|x86
		{98A8DF30-0993-4B49-822E-244A70AB8C4D}.Release|x86.Build.0 = Release|x86
		{3B1B36AE-7A60-4974-A868-1E24894D4149}.Debug|Any CPU.ActiveCfg = Debug|Any CPU
		{3B1B36AE-7A60-4974-A868-1E24894D4149}.Debug|Any CPU.Build.0 = Debug|Any CPU
		{3B1B36AE-7A60-4974-A868-1E24894D4149}.Debug|x64.ActiveCfg = Debug|x64
		{3B1B36AE-7A60-4974-A868-1E24894D4149}.Debug|x64.Build.0 = Debug|x64
		{3B1B36AE-7A60-4974-A868-1E24894D4149}.Debug|x86.ActiveCfg = Debug|x86
		{3B1B36AE-7A60-4974-A868-1E24894D4149}.Debug|x86.Build.0 = Debug|x86
		{3B1B36AE-7A60-4974-A868-1E24894D4149}.Release|Any CPU.ActiveCfg = Release|Any CPU
		{3B1B36AE-7A60-4974-A868-1E24894D4149}.Release|Any CPU.Build.0 = Release|Any CPU
		{3B1B36AE-7A60-4974-A868-1E24894D4149}.Release|x64.ActiveCfg = Release|x64
		{3B1B36AE-7A60-4974-A868-1E24894D4149}.Release|x64.Build.0 = Release|x64
		{3B1B36AE-7A60-4974-A868-1E24894D4149}.Release|x86.ActiveCfg = Release|x86
		{3B1B36AE-7A60-4974-A868-1E24894D4149}.Release|x86.Build.0 = Release|x86
		{FF7FD66A-B3E2-4D39-A457-A00C94EDE9E6}.Debug|Any CPU.ActiveCfg = Debug|Any CPU
		{FF7FD66A-B3E2-4D39-A457-A00C94EDE9E6}.Debug|Any CPU.Build.0 = Debug|Any CPU
		{FF7FD66A-B3E2-4D39-A457-A00C94EDE9E6}.Debug|x64.ActiveCfg = Debug|x64
		{FF7FD66A-B3E2-4D39-A457-A00C94EDE9E6}.Debug|x64.Build.0 = Debug|x64
		{FF7FD66A-B3E2-4D39-A457-A00C94EDE9E6}.Debug|x86.ActiveCfg = Debug|x86
		{FF7FD66A-B3E2-4D39-A457-A00C94EDE9E6}.Debug|x86.Build.0 = Debug|x86
		{FF7FD66A-B3E2-4D39-A457-A00C94EDE9E6}.Release|Any CPU.ActiveCfg = Release|Any CPU
		{FF7FD66A-B3E2-4D39-A457-A00C94EDE9E6}.Release|Any CPU.Build.0 = Release|Any CPU
		{FF7FD66A-B3E2-4D39-A457-A00C94EDE9E6}.Release|x64.ActiveCfg = Release|x64
		{FF7FD66A-B3E2-4D39-A457-A00C94EDE9E6}.Release|x64.Build.0 = Release|x64
		{FF7FD66A-B3E2-4D39-A457-A00C94EDE9E6}.Release|x86.ActiveCfg = Release|x86
		{FF7FD66A-B3E2-4D39-A457-A00C94EDE9E6}.Release|x86.Build.0 = Release|x86
		{6B726FC4-A907-4813-BF38-3342E02AA8D2}.Debug|Any CPU.ActiveCfg = Debug|Any CPU
		{6B726FC4-A907-4813-BF38-3342E02AA8D2}.Debug|Any CPU.Build.0 = Debug|Any CPU
		{6B726FC4-A907-4813-BF38-3342E02AA8D2}.Debug|x64.ActiveCfg = Debug|x64
		{6B726FC4-A907-4813-BF38-3342E02AA8D2}.Debug|x64.Build.0 = Debug|x64
		{6B726FC4-A907-4813-BF38-3342E02AA8D2}.Debug|x86.ActiveCfg = Debug|x86
		{6B726FC4-A907-4813-BF38-3342E02AA8D2}.Debug|x86.Build.0 = Debug|x86
		{6B726FC4-A907-4813-BF38-3342E02AA8D2}.Release|Any CPU.ActiveCfg = Release|Any CPU
		{6B726FC4-A907-4813-BF38-3342E02AA8D2}.Release|Any CPU.Build.0 = Release|Any CPU
		{6B726FC4-A907-4813-BF38-3342E02AA8D2}.Release|x64.ActiveCfg = Release|x64
		{6B726FC4-A907-4813-BF38-3342E02AA8D2}.Release|x64.Build.0 = Release|x64
		{6B726FC4-A907-4813-BF38-3342E02AA8D2}.Release|x86.ActiveCfg = Release|x86
		{6B726FC4-A907-4813-BF38-3342E02AA8D2}.Release|x86.Build.0 = Release|x86
		{A3D0368C-0850-4614-B5B5-41B9D5135AA9}.Debug|Any CPU.ActiveCfg = Debug|Any CPU
		{A3D0368C-0850-4614-B5B5-41B9D5135AA9}.Debug|Any CPU.Build.0 = Debug|Any CPU
		{A3D0368C-0850-4614-B5B5-41B9D5135AA9}.Debug|x64.ActiveCfg = Debug|Any CPU
		{A3D0368C-0850-4614-B5B5-41B9D5135AA9}.Debug|x64.Build.0 = Debug|Any CPU
		{A3D0368C-0850-4614-B5B5-41B9D5135AA9}.Debug|x86.ActiveCfg = Debug|Any CPU
		{A3D0368C-0850-4614-B5B5-41B9D5135AA9}.Debug|x86.Build.0 = Debug|Any CPU
		{A3D0368C-0850-4614-B5B5-41B9D5135AA9}.Release|Any CPU.ActiveCfg = Release|Any CPU
		{A3D0368C-0850-4614-B5B5-41B9D5135AA9}.Release|Any CPU.Build.0 = Release|Any CPU
		{A3D0368C-0850-4614-B5B5-41B9D5135AA9}.Release|x64.ActiveCfg = Release|Any CPU
		{A3D0368C-0850-4614-B5B5-41B9D5135AA9}.Release|x64.Build.0 = Release|Any CPU
		{A3D0368C-0850-4614-B5B5-41B9D5135AA9}.Release|x86.ActiveCfg = Release|Any CPU
		{A3D0368C-0850-4614-B5B5-41B9D5135AA9}.Release|x86.Build.0 = Release|Any CPU
		{48D9D0E6-5781-44A9-84C0-56F56C2A1193}.Debug|Any CPU.ActiveCfg = Debug|Any CPU
		{48D9D0E6-5781-44A9-84C0-56F56C2A1193}.Debug|Any CPU.Build.0 = Debug|Any CPU
		{48D9D0E6-5781-44A9-84C0-56F56C2A1193}.Debug|x64.ActiveCfg = Debug|x64
		{48D9D0E6-5781-44A9-84C0-56F56C2A1193}.Debug|x64.Build.0 = Debug|x64
		{48D9D0E6-5781-44A9-84C0-56F56C2A1193}.Debug|x86.ActiveCfg = Debug|x86
		{48D9D0E6-5781-44A9-84C0-56F56C2A1193}.Debug|x86.Build.0 = Debug|x86
		{48D9D0E6-5781-44A9-84C0-56F56C2A1193}.Release|Any CPU.ActiveCfg = Release|Any CPU
		{48D9D0E6-5781-44A9-84C0-56F56C2A1193}.Release|Any CPU.Build.0 = Release|Any CPU
		{48D9D0E6-5781-44A9-84C0-56F56C2A1193}.Release|x64.ActiveCfg = Release|Any CPU
		{48D9D0E6-5781-44A9-84C0-56F56C2A1193}.Release|x64.Build.0 = Release|Any CPU
		{48D9D0E6-5781-44A9-84C0-56F56C2A1193}.Release|x86.ActiveCfg = Release|x86
		{48D9D0E6-5781-44A9-84C0-56F56C2A1193}.Release|x86.Build.0 = Release|x86
		{6C25240C-613D-4A86-A04E-784BA6726094}.Debug|Any CPU.ActiveCfg = Debug|Any CPU
		{6C25240C-613D-4A86-A04E-784BA6726094}.Debug|Any CPU.Build.0 = Debug|Any CPU
		{6C25240C-613D-4A86-A04E-784BA6726094}.Debug|x64.ActiveCfg = Debug|Any CPU
		{6C25240C-613D-4A86-A04E-784BA6726094}.Debug|x64.Build.0 = Debug|Any CPU
		{6C25240C-613D-4A86-A04E-784BA6726094}.Debug|x86.ActiveCfg = Debug|Any CPU
		{6C25240C-613D-4A86-A04E-784BA6726094}.Debug|x86.Build.0 = Debug|Any CPU
		{6C25240C-613D-4A86-A04E-784BA6726094}.Release|Any CPU.ActiveCfg = Release|Any CPU
		{6C25240C-613D-4A86-A04E-784BA6726094}.Release|Any CPU.Build.0 = Release|Any CPU
		{6C25240C-613D-4A86-A04E-784BA6726094}.Release|x64.ActiveCfg = Release|Any CPU
		{6C25240C-613D-4A86-A04E-784BA6726094}.Release|x64.Build.0 = Release|Any CPU
		{6C25240C-613D-4A86-A04E-784BA6726094}.Release|x86.ActiveCfg = Release|Any CPU
		{6C25240C-613D-4A86-A04E-784BA6726094}.Release|x86.Build.0 = Release|Any CPU
		{75EC5DCD-DC76-4799-8623-206B1F73CA95}.Debug|Any CPU.ActiveCfg = Debug|Any CPU
		{75EC5DCD-DC76-4799-8623-206B1F73CA95}.Debug|Any CPU.Build.0 = Debug|Any CPU
		{75EC5DCD-DC76-4799-8623-206B1F73CA95}.Debug|x64.ActiveCfg = Debug|Any CPU
		{75EC5DCD-DC76-4799-8623-206B1F73CA95}.Debug|x64.Build.0 = Debug|Any CPU
		{75EC5DCD-DC76-4799-8623-206B1F73CA95}.Debug|x86.ActiveCfg = Debug|Any CPU
		{75EC5DCD-DC76-4799-8623-206B1F73CA95}.Debug|x86.Build.0 = Debug|Any CPU
		{75EC5DCD-DC76-4799-8623-206B1F73CA95}.Release|Any CPU.ActiveCfg = Release|Any CPU
		{75EC5DCD-DC76-4799-8623-206B1F73CA95}.Release|Any CPU.Build.0 = Release|Any CPU
		{75EC5DCD-DC76-4799-8623-206B1F73CA95}.Release|x64.ActiveCfg = Release|Any CPU
		{75EC5DCD-DC76-4799-8623-206B1F73CA95}.Release|x64.Build.0 = Release|Any CPU
		{75EC5DCD-DC76-4799-8623-206B1F73CA95}.Release|x86.ActiveCfg = Release|Any CPU
		{75EC5DCD-DC76-4799-8623-206B1F73CA95}.Release|x86.Build.0 = Release|Any CPU
		{B6C1030D-1F74-4143-BB70-FC79C0274653}.Debug|Any CPU.ActiveCfg = Debug|Any CPU
		{B6C1030D-1F74-4143-BB70-FC79C0274653}.Debug|Any CPU.Build.0 = Debug|Any CPU
		{B6C1030D-1F74-4143-BB70-FC79C0274653}.Debug|x64.ActiveCfg = Debug|Any CPU
		{B6C1030D-1F74-4143-BB70-FC79C0274653}.Debug|x64.Build.0 = Debug|Any CPU
		{B6C1030D-1F74-4143-BB70-FC79C0274653}.Debug|x86.ActiveCfg = Debug|Any CPU
		{B6C1030D-1F74-4143-BB70-FC79C0274653}.Debug|x86.Build.0 = Debug|Any CPU
		{B6C1030D-1F74-4143-BB70-FC79C0274653}.Release|Any CPU.ActiveCfg = Release|Any CPU
		{B6C1030D-1F74-4143-BB70-FC79C0274653}.Release|Any CPU.Build.0 = Release|Any CPU
		{B6C1030D-1F74-4143-BB70-FC79C0274653}.Release|x64.ActiveCfg = Release|Any CPU
		{B6C1030D-1F74-4143-BB70-FC79C0274653}.Release|x64.Build.0 = Release|Any CPU
		{B6C1030D-1F74-4143-BB70-FC79C0274653}.Release|x86.ActiveCfg = Release|Any CPU
		{B6C1030D-1F74-4143-BB70-FC79C0274653}.Release|x86.Build.0 = Release|Any CPU
		{F3156F61-C676-4C48-AC77-5EA0B7E6103C}.Debug|Any CPU.ActiveCfg = Debug|Any CPU
		{F3156F61-C676-4C48-AC77-5EA0B7E6103C}.Debug|Any CPU.Build.0 = Debug|Any CPU
		{F3156F61-C676-4C48-AC77-5EA0B7E6103C}.Debug|x64.ActiveCfg = Debug|Any CPU
		{F3156F61-C676-4C48-AC77-5EA0B7E6103C}.Debug|x64.Build.0 = Debug|Any CPU
		{F3156F61-C676-4C48-AC77-5EA0B7E6103C}.Debug|x86.ActiveCfg = Debug|Any CPU
		{F3156F61-C676-4C48-AC77-5EA0B7E6103C}.Debug|x86.Build.0 = Debug|Any CPU
		{F3156F61-C676-4C48-AC77-5EA0B7E6103C}.Release|Any CPU.ActiveCfg = Release|Any CPU
		{F3156F61-C676-4C48-AC77-5EA0B7E6103C}.Release|Any CPU.Build.0 = Release|Any CPU
		{F3156F61-C676-4C48-AC77-5EA0B7E6103C}.Release|x64.ActiveCfg = Release|Any CPU
		{F3156F61-C676-4C48-AC77-5EA0B7E6103C}.Release|x64.Build.0 = Release|Any CPU
		{F3156F61-C676-4C48-AC77-5EA0B7E6103C}.Release|x86.ActiveCfg = Release|Any CPU
		{F3156F61-C676-4C48-AC77-5EA0B7E6103C}.Release|x86.Build.0 = Release|Any CPU
		{13B2A6A1-A4D6-4151-BB1D-AF99C0978BC7}.Debug|Any CPU.ActiveCfg = Debug|Any CPU
		{13B2A6A1-A4D6-4151-BB1D-AF99C0978BC7}.Debug|Any CPU.Build.0 = Debug|Any CPU
		{13B2A6A1-A4D6-4151-BB1D-AF99C0978BC7}.Debug|x64.ActiveCfg = Debug|Any CPU
		{13B2A6A1-A4D6-4151-BB1D-AF99C0978BC7}.Debug|x64.Build.0 = Debug|Any CPU
		{13B2A6A1-A4D6-4151-BB1D-AF99C0978BC7}.Debug|x86.ActiveCfg = Debug|Any CPU
		{13B2A6A1-A4D6-4151-BB1D-AF99C0978BC7}.Debug|x86.Build.0 = Debug|Any CPU
		{13B2A6A1-A4D6-4151-BB1D-AF99C0978BC7}.Release|Any CPU.ActiveCfg = Release|Any CPU
		{13B2A6A1-A4D6-4151-BB1D-AF99C0978BC7}.Release|Any CPU.Build.0 = Release|Any CPU
		{13B2A6A1-A4D6-4151-BB1D-AF99C0978BC7}.Release|x64.ActiveCfg = Release|Any CPU
		{13B2A6A1-A4D6-4151-BB1D-AF99C0978BC7}.Release|x64.Build.0 = Release|Any CPU
		{13B2A6A1-A4D6-4151-BB1D-AF99C0978BC7}.Release|x86.ActiveCfg = Release|Any CPU
		{13B2A6A1-A4D6-4151-BB1D-AF99C0978BC7}.Release|x86.Build.0 = Release|Any CPU
		{FA176AB4-9BEB-43A0-873C-A79AE1404175}.Debug|Any CPU.ActiveCfg = Debug|Any CPU
		{FA176AB4-9BEB-43A0-873C-A79AE1404175}.Debug|Any CPU.Build.0 = Debug|Any CPU
		{FA176AB4-9BEB-43A0-873C-A79AE1404175}.Debug|x64.ActiveCfg = Debug|Any CPU
		{FA176AB4-9BEB-43A0-873C-A79AE1404175}.Debug|x64.Build.0 = Debug|Any CPU
		{FA176AB4-9BEB-43A0-873C-A79AE1404175}.Debug|x86.ActiveCfg = Debug|Any CPU
		{FA176AB4-9BEB-43A0-873C-A79AE1404175}.Debug|x86.Build.0 = Debug|Any CPU
		{FA176AB4-9BEB-43A0-873C-A79AE1404175}.Release|Any CPU.ActiveCfg = Release|Any CPU
		{FA176AB4-9BEB-43A0-873C-A79AE1404175}.Release|Any CPU.Build.0 = Release|Any CPU
		{FA176AB4-9BEB-43A0-873C-A79AE1404175}.Release|x64.ActiveCfg = Release|Any CPU
		{FA176AB4-9BEB-43A0-873C-A79AE1404175}.Release|x64.Build.0 = Release|Any CPU
		{FA176AB4-9BEB-43A0-873C-A79AE1404175}.Release|x86.ActiveCfg = Release|Any CPU
		{FA176AB4-9BEB-43A0-873C-A79AE1404175}.Release|x86.Build.0 = Release|Any CPU
		{CD57135E-1595-41AB-91D6-4DD5188E3275}.Debug|Any CPU.ActiveCfg = Debug|Any CPU
		{CD57135E-1595-41AB-91D6-4DD5188E3275}.Debug|Any CPU.Build.0 = Debug|Any CPU
		{CD57135E-1595-41AB-91D6-4DD5188E3275}.Debug|x64.ActiveCfg = Debug|Any CPU
		{CD57135E-1595-41AB-91D6-4DD5188E3275}.Debug|x64.Build.0 = Debug|Any CPU
		{CD57135E-1595-41AB-91D6-4DD5188E3275}.Debug|x86.ActiveCfg = Debug|Any CPU
		{CD57135E-1595-41AB-91D6-4DD5188E3275}.Debug|x86.Build.0 = Debug|Any CPU
		{CD57135E-1595-41AB-91D6-4DD5188E3275}.Release|Any CPU.ActiveCfg = Release|Any CPU
		{CD57135E-1595-41AB-91D6-4DD5188E3275}.Release|Any CPU.Build.0 = Release|Any CPU
		{CD57135E-1595-41AB-91D6-4DD5188E3275}.Release|x64.ActiveCfg = Release|Any CPU
		{CD57135E-1595-41AB-91D6-4DD5188E3275}.Release|x64.Build.0 = Release|Any CPU
		{CD57135E-1595-41AB-91D6-4DD5188E3275}.Release|x86.ActiveCfg = Release|Any CPU
		{CD57135E-1595-41AB-91D6-4DD5188E3275}.Release|x86.Build.0 = Release|Any CPU
		{EF01B68C-7211-44DD-B4B2-B1C7341455CD}.Debug|Any CPU.ActiveCfg = Debug|Any CPU
		{EF01B68C-7211-44DD-B4B2-B1C7341455CD}.Debug|Any CPU.Build.0 = Debug|Any CPU
		{EF01B68C-7211-44DD-B4B2-B1C7341455CD}.Debug|x64.ActiveCfg = Debug|Any CPU
		{EF01B68C-7211-44DD-B4B2-B1C7341455CD}.Debug|x64.Build.0 = Debug|Any CPU
		{EF01B68C-7211-44DD-B4B2-B1C7341455CD}.Debug|x86.ActiveCfg = Debug|Any CPU
		{EF01B68C-7211-44DD-B4B2-B1C7341455CD}.Debug|x86.Build.0 = Debug|Any CPU
		{EF01B68C-7211-44DD-B4B2-B1C7341455CD}.Release|Any CPU.ActiveCfg = Release|Any CPU
		{EF01B68C-7211-44DD-B4B2-B1C7341455CD}.Release|Any CPU.Build.0 = Release|Any CPU
		{EF01B68C-7211-44DD-B4B2-B1C7341455CD}.Release|x64.ActiveCfg = Release|Any CPU
		{EF01B68C-7211-44DD-B4B2-B1C7341455CD}.Release|x64.Build.0 = Release|Any CPU
		{EF01B68C-7211-44DD-B4B2-B1C7341455CD}.Release|x86.ActiveCfg = Release|Any CPU
		{EF01B68C-7211-44DD-B4B2-B1C7341455CD}.Release|x86.Build.0 = Release|Any CPU
		{60173A96-0886-4DB0-903A-74ABA9F64C2C}.Debug|Any CPU.ActiveCfg = Debug|Any CPU
		{60173A96-0886-4DB0-903A-74ABA9F64C2C}.Debug|Any CPU.Build.0 = Debug|Any CPU
		{60173A96-0886-4DB0-903A-74ABA9F64C2C}.Debug|x64.ActiveCfg = Debug|Any CPU
		{60173A96-0886-4DB0-903A-74ABA9F64C2C}.Debug|x64.Build.0 = Debug|Any CPU
		{60173A96-0886-4DB0-903A-74ABA9F64C2C}.Debug|x86.ActiveCfg = Debug|Any CPU
		{60173A96-0886-4DB0-903A-74ABA9F64C2C}.Debug|x86.Build.0 = Debug|Any CPU
		{60173A96-0886-4DB0-903A-74ABA9F64C2C}.Release|Any CPU.ActiveCfg = Release|Any CPU
		{60173A96-0886-4DB0-903A-74ABA9F64C2C}.Release|Any CPU.Build.0 = Release|Any CPU
		{60173A96-0886-4DB0-903A-74ABA9F64C2C}.Release|x64.ActiveCfg = Release|Any CPU
		{60173A96-0886-4DB0-903A-74ABA9F64C2C}.Release|x64.Build.0 = Release|Any CPU
		{60173A96-0886-4DB0-903A-74ABA9F64C2C}.Release|x86.ActiveCfg = Release|Any CPU
		{60173A96-0886-4DB0-903A-74ABA9F64C2C}.Release|x86.Build.0 = Release|Any CPU
		{38099844-F6B6-4975-BEC5-D58A547145F0}.Debug|Any CPU.ActiveCfg = Debug|Any CPU
		{38099844-F6B6-4975-BEC5-D58A547145F0}.Debug|Any CPU.Build.0 = Debug|Any CPU
		{38099844-F6B6-4975-BEC5-D58A547145F0}.Debug|x64.ActiveCfg = Debug|Any CPU
		{38099844-F6B6-4975-BEC5-D58A547145F0}.Debug|x64.Build.0 = Debug|Any CPU
		{38099844-F6B6-4975-BEC5-D58A547145F0}.Debug|x86.ActiveCfg = Debug|Any CPU
		{38099844-F6B6-4975-BEC5-D58A547145F0}.Debug|x86.Build.0 = Debug|Any CPU
		{38099844-F6B6-4975-BEC5-D58A547145F0}.Release|Any CPU.ActiveCfg = Release|Any CPU
		{38099844-F6B6-4975-BEC5-D58A547145F0}.Release|Any CPU.Build.0 = Release|Any CPU
		{38099844-F6B6-4975-BEC5-D58A547145F0}.Release|x64.ActiveCfg = Release|Any CPU
		{38099844-F6B6-4975-BEC5-D58A547145F0}.Release|x64.Build.0 = Release|Any CPU
		{38099844-F6B6-4975-BEC5-D58A547145F0}.Release|x86.ActiveCfg = Release|Any CPU
		{38099844-F6B6-4975-BEC5-D58A547145F0}.Release|x86.Build.0 = Release|Any CPU
		{1F3338AA-7141-4864-991C-A60196C92111}.Debug|Any CPU.ActiveCfg = Debug|Any CPU
		{1F3338AA-7141-4864-991C-A60196C92111}.Debug|Any CPU.Build.0 = Debug|Any CPU
		{1F3338AA-7141-4864-991C-A60196C92111}.Debug|x64.ActiveCfg = Debug|Any CPU
		{1F3338AA-7141-4864-991C-A60196C92111}.Debug|x64.Build.0 = Debug|Any CPU
		{1F3338AA-7141-4864-991C-A60196C92111}.Debug|x86.ActiveCfg = Debug|Any CPU
		{1F3338AA-7141-4864-991C-A60196C92111}.Debug|x86.Build.0 = Debug|Any CPU
		{1F3338AA-7141-4864-991C-A60196C92111}.Release|Any CPU.ActiveCfg = Release|Any CPU
		{1F3338AA-7141-4864-991C-A60196C92111}.Release|Any CPU.Build.0 = Release|Any CPU
		{1F3338AA-7141-4864-991C-A60196C92111}.Release|x64.ActiveCfg = Release|Any CPU
		{1F3338AA-7141-4864-991C-A60196C92111}.Release|x64.Build.0 = Release|Any CPU
		{1F3338AA-7141-4864-991C-A60196C92111}.Release|x86.ActiveCfg = Release|Any CPU
		{1F3338AA-7141-4864-991C-A60196C92111}.Release|x86.Build.0 = Release|Any CPU
		{A53091D5-29A9-4EBF-B4E5-26DCFF0A516C}.Debug|Any CPU.ActiveCfg = Debug|Any CPU
		{A53091D5-29A9-4EBF-B4E5-26DCFF0A516C}.Debug|Any CPU.Build.0 = Debug|Any CPU
		{A53091D5-29A9-4EBF-B4E5-26DCFF0A516C}.Debug|x64.ActiveCfg = Debug|Any CPU
		{A53091D5-29A9-4EBF-B4E5-26DCFF0A516C}.Debug|x64.Build.0 = Debug|Any CPU
		{A53091D5-29A9-4EBF-B4E5-26DCFF0A516C}.Debug|x86.ActiveCfg = Debug|Any CPU
		{A53091D5-29A9-4EBF-B4E5-26DCFF0A516C}.Debug|x86.Build.0 = Debug|Any CPU
		{A53091D5-29A9-4EBF-B4E5-26DCFF0A516C}.Release|Any CPU.ActiveCfg = Release|Any CPU
		{A53091D5-29A9-4EBF-B4E5-26DCFF0A516C}.Release|Any CPU.Build.0 = Release|Any CPU
		{A53091D5-29A9-4EBF-B4E5-26DCFF0A516C}.Release|x64.ActiveCfg = Release|Any CPU
		{A53091D5-29A9-4EBF-B4E5-26DCFF0A516C}.Release|x64.Build.0 = Release|Any CPU
		{A53091D5-29A9-4EBF-B4E5-26DCFF0A516C}.Release|x86.ActiveCfg = Release|Any CPU
		{A53091D5-29A9-4EBF-B4E5-26DCFF0A516C}.Release|x86.Build.0 = Release|Any CPU
	EndGlobalSection
	GlobalSection(SolutionProperties) = preSolution
		HideSolutionNode = FALSE
	EndGlobalSection
	GlobalSection(NestedProjects) = preSolution
		{48D9D0E6-5781-44A9-84C0-56F56C2A1193} = {0754E195-7080-4AAC-B5A3-A9923B1283CE}
		{6C25240C-613D-4A86-A04E-784BA6726094} = {0754E195-7080-4AAC-B5A3-A9923B1283CE}
		{B6C1030D-1F74-4143-BB70-FC79C0274653} = {0754E195-7080-4AAC-B5A3-A9923B1283CE}
		{F3156F61-C676-4C48-AC77-5EA0B7E6103C} = {48C738FB-359E-43DB-B338-FD7CB1CCF6A8}
		{13B2A6A1-A4D6-4151-BB1D-AF99C0978BC7} = {48C738FB-359E-43DB-B338-FD7CB1CCF6A8}
		{FA176AB4-9BEB-43A0-873C-A79AE1404175} = {48C738FB-359E-43DB-B338-FD7CB1CCF6A8}
		{CD57135E-1595-41AB-91D6-4DD5188E3275} = {48C738FB-359E-43DB-B338-FD7CB1CCF6A8}
		{EF01B68C-7211-44DD-B4B2-B1C7341455CD} = {48C738FB-359E-43DB-B338-FD7CB1CCF6A8}
		{60173A96-0886-4DB0-903A-74ABA9F64C2C} = {48C738FB-359E-43DB-B338-FD7CB1CCF6A8}
		{1F3338AA-7141-4864-991C-A60196C92111} = {48C738FB-359E-43DB-B338-FD7CB1CCF6A8}
		{A53091D5-29A9-4EBF-B4E5-26DCFF0A516C} = {48C738FB-359E-43DB-B338-FD7CB1CCF6A8}
		{963B5555-30AE-428E-9686-59C4B6FEC052} = {2176596E-12DA-4766-96E1-4D23EA7DBEC8}
	EndGlobalSection
	GlobalSection(ExtensibilityGlobals) = postSolution
		SolutionGuid = {EAE10B28-119B-437C-9E68-06F0EE3F968A}
	EndGlobalSection
EndGlobal
